// !$*UTF8*$!
{
	archiveVersion = 1;
	classes = {
	};
	objectVersion = 56;
	objects = {

/* Begin PBXBuildFile section */
		EDBFF9A62B014B7300381574 /* AppDelegate.swift in Sources */ = {isa = PBXBuildFile; fileRef = EDBFF9A52B014B7300381574 /* AppDelegate.swift */; };
		EDBFF9A82B014B7300381574 /* SceneDelegate.swift in Sources */ = {isa = PBXBuildFile; fileRef = EDBFF9A72B014B7300381574 /* SceneDelegate.swift */; };
		EDBFF9AA2B014B7300381574 /* ViewController.swift in Sources */ = {isa = PBXBuildFile; fileRef = EDBFF9A92B014B7300381574 /* ViewController.swift */; };
		EDBFF9AD2B014B7300381574 /* Main.storyboard in Resources */ = {isa = PBXBuildFile; fileRef = EDBFF9AB2B014B7300381574 /* Main.storyboard */; };
		EDBFF9AF2B014B7400381574 /* Assets.xcassets in Resources */ = {isa = PBXBuildFile; fileRef = EDBFF9AE2B014B7400381574 /* Assets.xcassets */; };
		EDBFF9B22B014B7400381574 /* LaunchScreen.storyboard in Resources */ = {isa = PBXBuildFile; fileRef = EDBFF9B02B014B7400381574 /* LaunchScreen.storyboard */; };
		EDBFF9BA2B015FFA00381574 /* NetworkService.swift in Sources */ = {isa = PBXBuildFile; fileRef = EDBFF9B92B015FFA00381574 /* NetworkService.swift */; };
		EDBFF9BC2B01617A00381574 /* DataStore.swift in Sources */ = {isa = PBXBuildFile; fileRef = EDBFF9BB2B01617A00381574 /* DataStore.swift */; };
		EDBFF9BE2B062EB900381574 /* CountryModel.swift in Sources */ = {isa = PBXBuildFile; fileRef = EDBFF9BD2B062EB900381574 /* CountryModel.swift */; };
		EDBFF9C02B062F2E00381574 /* NetworkDataFetcher.swift in Sources */ = {isa = PBXBuildFile; fileRef = EDBFF9BF2B062F2E00381574 /* NetworkDataFetcher.swift */; };
		EDBFF9C42B063FEC00381574 /* AppGroup.swift in Sources */ = {isa = PBXBuildFile; fileRef = EDBFF9C32B063FEC00381574 /* AppGroup.swift */; };
		EDBFF9C62B0665B300381574 /* DataFetcherService.swift in Sources */ = {isa = PBXBuildFile; fileRef = EDBFF9C52B0665B300381574 /* DataFetcherService.swift */; };
/* End PBXBuildFile section */

/* Begin PBXFileReference section */
		EDBFF9A22B014B7300381574 /* ViewController. Single Responsibility Principle.app */ = {isa = PBXFileReference; explicitFileType = wrapper.application; includeInIndex = 0; path = "ViewController. Single Responsibility Principle.app"; sourceTree = BUILT_PRODUCTS_DIR; };
		EDBFF9A52B014B7300381574 /* AppDelegate.swift */ = {isa = PBXFileReference; lastKnownFileType = sourcecode.swift; path = AppDelegate.swift; sourceTree = "<group>"; };
		EDBFF9A72B014B7300381574 /* SceneDelegate.swift */ = {isa = PBXFileReference; lastKnownFileType = sourcecode.swift; path = SceneDelegate.swift; sourceTree = "<group>"; };
		EDBFF9A92B014B7300381574 /* ViewController.swift */ = {isa = PBXFileReference; lastKnownFileType = sourcecode.swift; path = ViewController.swift; sourceTree = "<group>"; };
		EDBFF9AC2B014B7300381574 /* Base */ = {isa = PBXFileReference; lastKnownFileType = file.storyboard; name = Base; path = Base.lproj/Main.storyboard; sourceTree = "<group>"; };
		EDBFF9AE2B014B7400381574 /* Assets.xcassets */ = {isa = PBXFileReference; lastKnownFileType = folder.assetcatalog; path = Assets.xcassets; sourceTree = "<group>"; };
		EDBFF9B12B014B7400381574 /* Base */ = {isa = PBXFileReference; lastKnownFileType = file.storyboard; name = Base; path = Base.lproj/LaunchScreen.storyboard; sourceTree = "<group>"; };
		EDBFF9B32B014B7400381574 /* Info.plist */ = {isa = PBXFileReference; lastKnownFileType = text.plist.xml; path = Info.plist; sourceTree = "<group>"; };
		EDBFF9B92B015FFA00381574 /* NetworkService.swift */ = {isa = PBXFileReference; lastKnownFileType = sourcecode.swift; path = NetworkService.swift; sourceTree = "<group>"; };
		EDBFF9BB2B01617A00381574 /* DataStore.swift */ = {isa = PBXFileReference; lastKnownFileType = sourcecode.swift; path = DataStore.swift; sourceTree = "<group>"; };
		EDBFF9BD2B062EB900381574 /* CountryModel.swift */ = {isa = PBXFileReference; lastKnownFileType = sourcecode.swift; path = CountryModel.swift; sourceTree = "<group>"; };
		EDBFF9BF2B062F2E00381574 /* NetworkDataFetcher.swift */ = {isa = PBXFileReference; lastKnownFileType = sourcecode.swift; path = NetworkDataFetcher.swift; sourceTree = "<group>"; };
		EDBFF9C32B063FEC00381574 /* AppGroup.swift */ = {isa = PBXFileReference; lastKnownFileType = sourcecode.swift; path = AppGroup.swift; sourceTree = "<group>"; };
		EDBFF9C52B0665B300381574 /* DataFetcherService.swift */ = {isa = PBXFileReference; lastKnownFileType = sourcecode.swift; path = DataFetcherService.swift; sourceTree = "<group>"; };
/* End PBXFileReference section */

/* Begin PBXFrameworksBuildPhase section */
		EDBFF99F2B014B7300381574 /* Frameworks */ = {
			isa = PBXFrameworksBuildPhase;
			buildActionMask = 2147483647;
			files = (
			);
			runOnlyForDeploymentPostprocessing = 0;
		};
/* End PBXFrameworksBuildPhase section */

/* Begin PBXGroup section */
		EDBFF9992B014B7300381574 = {
			isa = PBXGroup;
			children = (
				EDBFF9A42B014B7300381574 /* ViewController. Single Responsibility Principle */,
				EDBFF9A32B014B7300381574 /* Products */,
			);
			sourceTree = "<group>";
		};
		EDBFF9A32B014B7300381574 /* Products */ = {
			isa = PBXGroup;
			children = (
				EDBFF9A22B014B7300381574 /* ViewController. Single Responsibility Principle.app */,
			);
			name = Products;
			sourceTree = "<group>";
		};
		EDBFF9A42B014B7300381574 /* ViewController. Single Responsibility Principle */ = {
			isa = PBXGroup;
			children = (
				EDBFF9A52B014B7300381574 /* AppDelegate.swift */,
				EDBFF9A72B014B7300381574 /* SceneDelegate.swift */,
				EDBFF9C12B0633CD00381574 /* Sevices */,
				EDBFF9A92B014B7300381574 /* ViewController.swift */,
				EDBFF9AB2B014B7300381574 /* Main.storyboard */,
				EDBFF9AE2B014B7400381574 /* Assets.xcassets */,
				EDBFF9B02B014B7400381574 /* LaunchScreen.storyboard */,
				EDBFF9B32B014B7400381574 /* Info.plist */,
			);
			path = "ViewController. Single Responsibility Principle";
			sourceTree = "<group>";
		};
		EDBFF9C12B0633CD00381574 /* Sevices */ = {
			isa = PBXGroup;
			children = (
				EDBFF9C22B06340000381574 /* Models */,
				EDBFF9B92B015FFA00381574 /* NetworkService.swift */,
				EDBFF9BF2B062F2E00381574 /* NetworkDataFetcher.swift */,
				EDBFF9C52B0665B300381574 /* DataFetcherService.swift */,
				EDBFF9BB2B01617A00381574 /* DataStore.swift */,
			);
			path = Sevices;
			sourceTree = "<group>";
		};
		EDBFF9C22B06340000381574 /* Models */ = {
			isa = PBXGroup;
			children = (
				EDBFF9BD2B062EB900381574 /* CountryModel.swift */,
				EDBFF9C32B063FEC00381574 /* AppGroup.swift */,
			);
			path = Models;
			sourceTree = "<group>";
		};
/* End PBXGroup section */

/* Begin PBXNativeTarget section */
		EDBFF9A12B014B7300381574 /* ViewController. Single Responsibility Principle */ = {
			isa = PBXNativeTarget;
			buildConfigurationList = EDBFF9B62B014B7400381574 /* Build configuration list for PBXNativeTarget "ViewController. Single Responsibility Principle" */;
			buildPhases = (
				EDBFF99E2B014B7300381574 /* Sources */,
				EDBFF99F2B014B7300381574 /* Frameworks */,
				EDBFF9A02B014B7300381574 /* Resources */,
			);
			buildRules = (
			);
			dependencies = (
			);
			name = "ViewController. Single Responsibility Principle";
			productName = "ViewController. Single Responsibility Principle";
			productReference = EDBFF9A22B014B7300381574 /* ViewController. Single Responsibility Principle.app */;
			productType = "com.apple.product-type.application";
		};
/* End PBXNativeTarget section */

/* Begin PBXProject section */
		EDBFF99A2B014B7300381574 /* Project object */ = {
			isa = PBXProject;
			attributes = {
				BuildIndependentTargetsInParallel = 1;
				LastSwiftUpdateCheck = 1500;
				LastUpgradeCheck = 1500;
				TargetAttributes = {
					EDBFF9A12B014B7300381574 = {
						CreatedOnToolsVersion = 15.0.1;
					};
				};
			};
			buildConfigurationList = EDBFF99D2B014B7300381574 /* Build configuration list for PBXProject "ViewController. Single Responsibility Principle" */;
			compatibilityVersion = "Xcode 14.0";
			developmentRegion = en;
			hasScannedForEncodings = 0;
			knownRegions = (
				en,
				Base,
			);
			mainGroup = EDBFF9992B014B7300381574;
			productRefGroup = EDBFF9A32B014B7300381574 /* Products */;
			projectDirPath = "";
			projectRoot = "";
			targets = (
				EDBFF9A12B014B7300381574 /* ViewController. Single Responsibility Principle */,
			);
		};
/* End PBXProject section */

/* Begin PBXResourcesBuildPhase section */
		EDBFF9A02B014B7300381574 /* Resources */ = {
			isa = PBXResourcesBuildPhase;
			buildActionMask = 2147483647;
			files = (
				EDBFF9B22B014B7400381574 /* LaunchScreen.storyboard in Resources */,
				EDBFF9AF2B014B7400381574 /* Assets.xcassets in Resources */,
				EDBFF9AD2B014B7300381574 /* Main.storyboard in Resources */,
			);
			runOnlyForDeploymentPostprocessing = 0;
		};
/* End PBXResourcesBuildPhase section */

/* Begin PBXSourcesBuildPhase section */
		EDBFF99E2B014B7300381574 /* Sources */ = {
			isa = PBXSourcesBuildPhase;
			buildActionMask = 2147483647;
			files = (
				EDBFF9C02B062F2E00381574 /* NetworkDataFetcher.swift in Sources */,
				EDBFF9AA2B014B7300381574 /* ViewController.swift in Sources */,
				EDBFF9A62B014B7300381574 /* AppDelegate.swift in Sources */,
				EDBFF9BE2B062EB900381574 /* CountryModel.swift in Sources */,
				EDBFF9BA2B015FFA00381574 /* NetworkService.swift in Sources */,
				EDBFF9C62B0665B300381574 /* DataFetcherService.swift in Sources */,
				EDBFF9BC2B01617A00381574 /* DataStore.swift in Sources */,
				EDBFF9A82B014B7300381574 /* SceneDelegate.swift in Sources */,
				EDBFF9C42B063FEC00381574 /* AppGroup.swift in Sources */,
			);
			runOnlyForDeploymentPostprocessing = 0;
		};
/* End PBXSourcesBuildPhase section */

/* Begin PBXVariantGroup section */
		EDBFF9AB2B014B7300381574 /* Main.storyboard */ = {
			isa = PBXVariantGroup;
			children = (
				EDBFF9AC2B014B7300381574 /* Base */,
			);
			name = Main.storyboard;
			sourceTree = "<group>";
		};
		EDBFF9B02B014B7400381574 /* LaunchScreen.storyboard */ = {
			isa = PBXVariantGroup;
			children = (
				EDBFF9B12B014B7400381574 /* Base */,
			);
			name = LaunchScreen.storyboard;
			sourceTree = "<group>";
		};
/* End PBXVariantGroup section */

/* Begin XCBuildConfiguration section */
		EDBFF9B42B014B7400381574 /* Debug */ = {
			isa = XCBuildConfiguration;
			buildSettings = {
				ALWAYS_SEARCH_USER_PATHS = NO;
				ASSETCATALOG_COMPILER_GENERATE_SWIFT_ASSET_SYMBOL_EXTENSIONS = YES;
				CLANG_ANALYZER_NONNULL = YES;
				CLANG_ANALYZER_NUMBER_OBJECT_CONVERSION = YES_AGGRESSIVE;
				CLANG_CXX_LANGUAGE_STANDARD = "gnu++20";
				CLANG_ENABLE_MODULES = YES;
				CLANG_ENABLE_OBJC_ARC = YES;
				CLANG_ENABLE_OBJC_WEAK = YES;
				CLANG_WARN_BLOCK_CAPTURE_AUTORELEASING = YES;
				CLANG_WARN_BOOL_CONVERSION = YES;
				CLANG_WARN_COMMA = YES;
				CLANG_WARN_CONSTANT_CONVERSION = YES;
				CLANG_WARN_DEPRECATED_OBJC_IMPLEMENTATIONS = YES;
				CLANG_WARN_DIRECT_OBJC_ISA_USAGE = YES_ERROR;
				CLANG_WARN_DOCUMENTATION_COMMENTS = YES;
				CLANG_WARN_EMPTY_BODY = YES;
				CLANG_WARN_ENUM_CONVERSION = YES;
				CLANG_WARN_INFINITE_RECURSION = YES;
				CLANG_WARN_INT_CONVERSION = YES;
				CLANG_WARN_NON_LITERAL_NULL_CONVERSION = YES;
				CLANG_WARN_OBJC_IMPLICIT_RETAIN_SELF = YES;
				CLANG_WARN_OBJC_LITERAL_CONVERSION = YES;
				CLANG_WARN_OBJC_ROOT_CLASS = YES_ERROR;
				CLANG_WARN_QUOTED_INCLUDE_IN_FRAMEWORK_HEADER = YES;
				CLANG_WARN_RANGE_LOOP_ANALYSIS = YES;
				CLANG_WARN_STRICT_PROTOTYPES = YES;
				CLANG_WARN_SUSPICIOUS_MOVE = YES;
				CLANG_WARN_UNGUARDED_AVAILABILITY = YES_AGGRESSIVE;
				CLANG_WARN_UNREACHABLE_CODE = YES;
				CLANG_WARN__DUPLICATE_METHOD_MATCH = YES;
				COPY_PHASE_STRIP = NO;
				DEBUG_INFORMATION_FORMAT = dwarf;
				ENABLE_STRICT_OBJC_MSGSEND = YES;
				ENABLE_TESTABILITY = YES;
				ENABLE_USER_SCRIPT_SANDBOXING = YES;
				GCC_C_LANGUAGE_STANDARD = gnu17;
				GCC_DYNAMIC_NO_PIC = NO;
				GCC_NO_COMMON_BLOCKS = YES;
				GCC_OPTIMIZATION_LEVEL = 0;
				GCC_PREPROCESSOR_DEFINITIONS = (
					"DEBUG=1",
					"$(inherited)",
				);
				GCC_WARN_64_TO_32_BIT_CONVERSION = YES;
				GCC_WARN_ABOUT_RETURN_TYPE = YES_ERROR;
				GCC_WARN_UNDECLARED_SELECTOR = YES;
				GCC_WARN_UNINITIALIZED_AUTOS = YES_AGGRESSIVE;
				GCC_WARN_UNUSED_FUNCTION = YES;
				GCC_WARN_UNUSED_VARIABLE = YES;
				IPHONEOS_DEPLOYMENT_TARGET = 17.0;
				LOCALIZATION_PREFERS_STRING_CATALOGS = YES;
				MTL_ENABLE_DEBUG_INFO = INCLUDE_SOURCE;
				MTL_FAST_MATH = YES;
				ONLY_ACTIVE_ARCH = YES;
				SDKROOT = iphoneos;
				SWIFT_ACTIVE_COMPILATION_CONDITIONS = "DEBUG $(inherited)";
				SWIFT_OPTIMIZATION_LEVEL = "-Onone";
			};
			name = Debug;
		};
		EDBFF9B52B014B7400381574 /* Release */ = {
			isa = XCBuildConfiguration;
			buildSettings = {
				ALWAYS_SEARCH_USER_PATHS = NO;
				ASSETCATALOG_COMPILER_GENERATE_SWIFT_ASSET_SYMBOL_EXTENSIONS = YES;
				CLANG_ANALYZER_NONNULL = YES;
				CLANG_ANALYZER_NUMBER_OBJECT_CONVERSION = YES_AGGRESSIVE;
				CLANG_CXX_LANGUAGE_STANDARD = "gnu++20";
				CLANG_ENABLE_MODULES = YES;
				CLANG_ENABLE_OBJC_ARC = YES;
				CLANG_ENABLE_OBJC_WEAK = YES;
				CLANG_WARN_BLOCK_CAPTURE_AUTORELEASING = YES;
				CLANG_WARN_BOOL_CONVERSION = YES;
				CLANG_WARN_COMMA = YES;
				CLANG_WARN_CONSTANT_CONVERSION = YES;
				CLANG_WARN_DEPRECATED_OBJC_IMPLEMENTATIONS = YES;
				CLANG_WARN_DIRECT_OBJC_ISA_USAGE = YES_ERROR;
				CLANG_WARN_DOCUMENTATION_COMMENTS = YES;
				CLANG_WARN_EMPTY_BODY = YES;
				CLANG_WARN_ENUM_CONVERSION = YES;
				CLANG_WARN_INFINITE_RECURSION = YES;
				CLANG_WARN_INT_CONVERSION = YES;
				CLANG_WARN_NON_LITERAL_NULL_CONVERSION = YES;
				CLANG_WARN_OBJC_IMPLICIT_RETAIN_SELF = YES;
				CLANG_WARN_OBJC_LITERAL_CONVERSION = YES;
				CLANG_WARN_OBJC_ROOT_CLASS = YES_ERROR;
				CLANG_WARN_QUOTED_INCLUDE_IN_FRAMEWORK_HEADER = YES;
				CLANG_WARN_RANGE_LOOP_ANALYSIS = YES;
				CLANG_WARN_STRICT_PROTOTYPES = YES;
				CLANG_WARN_SUSPICIOUS_MOVE = YES;
				CLANG_WARN_UNGUARDED_AVAILABILITY = YES_AGGRESSIVE;
				CLANG_WARN_UNREACHABLE_CODE = YES;
				CLANG_WARN__DUPLICATE_METHOD_MATCH = YES;
				COPY_PHASE_STRIP = NO;
				DEBUG_INFORMATION_FORMAT = "dwarf-with-dsym";
				ENABLE_NS_ASSERTIONS = NO;
				ENABLE_STRICT_OBJC_MSGSEND = YES;
				ENABLE_USER_SCRIPT_SANDBOXING = YES;
				GCC_C_LANGUAGE_STANDARD = gnu17;
				GCC_NO_COMMON_BLOCKS = YES;
				GCC_WARN_64_TO_32_BIT_CONVERSION = YES;
				GCC_WARN_ABOUT_RETURN_TYPE = YES_ERROR;
				GCC_WARN_UNDECLARED_SELECTOR = YES;
				GCC_WARN_UNINITIALIZED_AUTOS = YES_AGGRESSIVE;
				GCC_WARN_UNUSED_FUNCTION = YES;
				GCC_WARN_UNUSED_VARIABLE = YES;
				IPHONEOS_DEPLOYMENT_TARGET = 17.0;
				LOCALIZATION_PREFERS_STRING_CATALOGS = YES;
				MTL_ENABLE_DEBUG_INFO = NO;
				MTL_FAST_MATH = YES;
				SDKROOT = iphoneos;
				SWIFT_COMPILATION_MODE = wholemodule;
				VALIDATE_PRODUCT = YES;
			};
			name = Release;
		};
		EDBFF9B72B014B7400381574 /* Debug */ = {
			isa = XCBuildConfiguration;
			buildSettings = {
				ASSETCATALOG_COMPILER_APPICON_NAME = AppIcon;
				ASSETCATALOG_COMPILER_GLOBAL_ACCENT_COLOR_NAME = AccentColor;
				CODE_SIGN_STYLE = Automatic;
				CURRENT_PROJECT_VERSION = 1;
				DEVELOPMENT_TEAM = A3UPK989FF;
				GENERATE_INFOPLIST_FILE = YES;
				INFOPLIST_FILE = "ViewController. Single Responsibility Principle/Info.plist";
				INFOPLIST_KEY_UIApplicationSupportsIndirectInputEvents = YES;
				INFOPLIST_KEY_UILaunchStoryboardName = LaunchScreen;
				INFOPLIST_KEY_UIMainStoryboardFile = Main;
				INFOPLIST_KEY_UISupportedInterfaceOrientations_iPad = "UIInterfaceOrientationPortrait UIInterfaceOrientationPortraitUpsideDown UIInterfaceOrientationLandscapeLeft UIInterfaceOrientationLandscapeRight";
				INFOPLIST_KEY_UISupportedInterfaceOrientations_iPhone = "UIInterfaceOrientationPortrait UIInterfaceOrientationLandscapeLeft UIInterfaceOrientationLandscapeRight";
				LD_RUNPATH_SEARCH_PATHS = (
					"$(inherited)",
					"@executable_path/Frameworks",
				);
				MARKETING_VERSION = 1.0;
				PRODUCT_BUNDLE_IDENTIFIER = "IOS.Victor.ViewController--Single-Responsibility-Principle";
				PRODUCT_NAME = "$(TARGET_NAME)";
				SUPPORTED_PLATFORMS = "iphoneos iphonesimulator";
				SUPPORTS_MACCATALYST = NO;
				SUPPORTS_MAC_DESIGNED_FOR_IPHONE_IPAD = NO;
				SWIFT_EMIT_LOC_STRINGS = YES;
				SWIFT_VERSION = 5.0;
				TARGETED_DEVICE_FAMILY = "1,2";
			};
			name = Debug;
		};
		EDBFF9B82B014B7400381574 /* Release */ = {
			isa = XCBuildConfiguration;
			buildSettings = {
				ASSETCATALOG_COMPILER_APPICON_NAME = AppIcon;
				ASSETCATALOG_COMPILER_GLOBAL_ACCENT_COLOR_NAME = AccentColor;
				CODE_SIGN_STYLE = Automatic;
				CURRENT_PROJECT_VERSION = 1;
				DEVELOPMENT_TEAM = A3UPK989FF;
				GENERATE_INFOPLIST_FILE = YES;
				INFOPLIST_FILE = "ViewController. Single Responsibility Principle/Info.plist";
				INFOPLIST_KEY_UIApplicationSupportsIndirectInputEvents = YES;
				INFOPLIST_KEY_UILaunchStoryboardName = LaunchScreen;
				INFOPLIST_KEY_UIMainStoryboardFile = Main;
				INFOPLIST_KEY_UISupportedInterfaceOrientations_iPad = "UIInterfaceOrientationPortrait UIInterfaceOrientationPortraitUpsideDown UIInterfaceOrientationLandscapeLeft UIInterfaceOrientationLandscapeRight";
				INFOPLIST_KEY_UISupportedInterfaceOrientations_iPhone = "UIInterfaceOrientationPortrait UIInterfaceOrientationLandscapeLeft UIInterfaceOrientationLandscapeRight";
				LD_RUNPATH_SEARCH_PATHS = (
					"$(inherited)",
					"@executable_path/Frameworks",
				);
				MARKETING_VERSION = 1.0;
				PRODUCT_BUNDLE_IDENTIFIER = "IOS.Victor.ViewController--Single-Responsibility-Principle";
				PRODUCT_NAME = "$(TARGET_NAME)";
				SUPPORTED_PLATFORMS = "iphoneos iphonesimulator";
				SUPPORTS_MACCATALYST = NO;
				SUPPORTS_MAC_DESIGNED_FOR_IPHONE_IPAD = NO;
				SWIFT_EMIT_LOC_STRINGS = YES;
				SWIFT_VERSION = 5.0;
				TARGETED_DEVICE_FAMILY = "1,2";
			};
			name = Release;
		};
/* End XCBuildConfiguration section */

/* Begin XCConfigurationList section */
		EDBFF99D2B014B7300381574 /* Build configuration list for PBXProject "ViewController. Single Responsibility Principle" */ = {
			isa = XCConfigurationList;
			buildConfigurations = (
				EDBFF9B42B014B7400381574 /* Debug */,
				EDBFF9B52B014B7400381574 /* Release */,
			);
			defaultConfigurationIsVisible = 0;
			defaultConfigurationName = Release;
		};
		EDBFF9B62B014B7400381574 /* Build configuration list for PBXNativeTarget "ViewController. Single Responsibility Principle" */ = {
			isa = XCConfigurationList;
			buildConfigurations = (
				EDBFF9B72B014B7400381574 /* Debug */,
				EDBFF9B82B014B7400381574 /* Release */,
			);
			defaultConfigurationIsVisible = 0;
			defaultConfigurationName = Release;
		};
/* End XCConfigurationList section */
	};
	rootObject = EDBFF99A2B014B7300381574 /* Project object */;
}
