// !$*UTF8*$!
{
	archiveVersion = 1;
	classes = {
	};
	objectVersion = 56;
	objects = {

/* Begin PBXBuildFile section */
		ED4152782AEE62BF00450EA7 /* AppDelegate.swift in Sources */ = {isa = PBXBuildFile; fileRef = ED4152772AEE62BF00450EA7 /* AppDelegate.swift */; };
		ED41527A2AEE62BF00450EA7 /* SceneDelegate.swift in Sources */ = {isa = PBXBuildFile; fileRef = ED4152792AEE62BF00450EA7 /* SceneDelegate.swift */; };
		ED41527F2AEE62BF00450EA7 /* Main.storyboard in Resources */ = {isa = PBXBuildFile; fileRef = ED41527D2AEE62BF00450EA7 /* Main.storyboard */; };
		ED4152812AEE62C000450EA7 /* Assets.xcassets in Resources */ = {isa = PBXBuildFile; fileRef = ED4152802AEE62C000450EA7 /* Assets.xcassets */; };
		ED4152842AEE62C000450EA7 /* LaunchScreen.storyboard in Resources */ = {isa = PBXBuildFile; fileRef = ED4152822AEE62C000450EA7 /* LaunchScreen.storyboard */; };
		ED41528C2AEE636B00450EA7 /* TableViewController.swift in Sources */ = {isa = PBXBuildFile; fileRef = ED41528B2AEE636B00450EA7 /* TableViewController.swift */; };
		ED41528E2AEE63E000450EA7 /* Profile.swift in Sources */ = {isa = PBXBuildFile; fileRef = ED41528D2AEE63E000450EA7 /* Profile.swift */; };
		ED4152902AEE677F00450EA7 /* TableViewCell.swift in Sources */ = {isa = PBXBuildFile; fileRef = ED41528F2AEE677F00450EA7 /* TableViewCell.swift */; };
		EDCDEE712AF2D0A50054A793 /* ViewModel.swift in Sources */ = {isa = PBXBuildFile; fileRef = EDCDEE702AF2D0A50054A793 /* ViewModel.swift */; };
		EDCDEE732AF2D1AC0054A793 /* TableViewModelType.swift in Sources */ = {isa = PBXBuildFile; fileRef = EDCDEE722AF2D1AC0054A793 /* TableViewModelType.swift */; };
		EDCDEE772AF44B170054A793 /* TableViewCellViewModelType.swift in Sources */ = {isa = PBXBuildFile; fileRef = EDCDEE762AF44B170054A793 /* TableViewCellViewModelType.swift */; };
		EDCDEE792AF44C3D0054A793 /* TableViewCellViewModel.swift in Sources */ = {isa = PBXBuildFile; fileRef = EDCDEE782AF44C3D0054A793 /* TableViewCellViewModel.swift */; };
		EDCDEE7B2AFAB0A30054A793 /* DetailViewController.swift in Sources */ = {isa = PBXBuildFile; fileRef = EDCDEE7A2AFAB0A30054A793 /* DetailViewController.swift */; };
		EDCDEE7D2AFAB20A0054A793 /* DetailViewModelType.swift in Sources */ = {isa = PBXBuildFile; fileRef = EDCDEE7C2AFAB20A0054A793 /* DetailViewModelType.swift */; };
		EDCDEE7F2AFAB27D0054A793 /* DetailViewModel.swift in Sources */ = {isa = PBXBuildFile; fileRef = EDCDEE7E2AFAB27D0054A793 /* DetailViewModel.swift */; };
/* End PBXBuildFile section */

/* Begin PBXFileReference section */
		ED4152742AEE62BF00450EA7 /* MVVM-2.app */ = {isa = PBXFileReference; explicitFileType = wrapper.application; includeInIndex = 0; path = "MVVM-2.app"; sourceTree = BUILT_PRODUCTS_DIR; };
		ED4152772AEE62BF00450EA7 /* AppDelegate.swift */ = {isa = PBXFileReference; lastKnownFileType = sourcecode.swift; path = AppDelegate.swift; sourceTree = "<group>"; };
		ED4152792AEE62BF00450EA7 /* SceneDelegate.swift */ = {isa = PBXFileReference; lastKnownFileType = sourcecode.swift; path = SceneDelegate.swift; sourceTree = "<group>"; };
		ED41527E2AEE62BF00450EA7 /* Base */ = {isa = PBXFileReference; lastKnownFileType = file.storyboard; name = Base; path = Base.lproj/Main.storyboard; sourceTree = "<group>"; };
		ED4152802AEE62C000450EA7 /* Assets.xcassets */ = {isa = PBXFileReference; lastKnownFileType = folder.assetcatalog; path = Assets.xcassets; sourceTree = "<group>"; };
		ED4152832AEE62C000450EA7 /* Base */ = {isa = PBXFileReference; lastKnownFileType = file.storyboard; name = Base; path = Base.lproj/LaunchScreen.storyboard; sourceTree = "<group>"; };
		ED4152852AEE62C000450EA7 /* Info.plist */ = {isa = PBXFileReference; lastKnownFileType = text.plist.xml; path = Info.plist; sourceTree = "<group>"; };
		ED41528B2AEE636B00450EA7 /* TableViewController.swift */ = {isa = PBXFileReference; lastKnownFileType = sourcecode.swift; path = TableViewController.swift; sourceTree = "<group>"; };
		ED41528D2AEE63E000450EA7 /* Profile.swift */ = {isa = PBXFileReference; lastKnownFileType = sourcecode.swift; name = Profile.swift; path = ../Profile.swift; sourceTree = "<group>"; };
		ED41528F2AEE677F00450EA7 /* TableViewCell.swift */ = {isa = PBXFileReference; lastKnownFileType = sourcecode.swift; name = TableViewCell.swift; path = ../TableViewCell.swift; sourceTree = "<group>"; };
		EDCDEE702AF2D0A50054A793 /* ViewModel.swift */ = {isa = PBXFileReference; lastKnownFileType = sourcecode.swift; path = ViewModel.swift; sourceTree = "<group>"; };
		EDCDEE722AF2D1AC0054A793 /* TableViewModelType.swift */ = {isa = PBXFileReference; lastKnownFileType = sourcecode.swift; path = TableViewModelType.swift; sourceTree = "<group>"; };
		EDCDEE762AF44B170054A793 /* TableViewCellViewModelType.swift */ = {isa = PBXFileReference; lastKnownFileType = sourcecode.swift; path = TableViewCellViewModelType.swift; sourceTree = "<group>"; };
		EDCDEE782AF44C3D0054A793 /* TableViewCellViewModel.swift */ = {isa = PBXFileReference; lastKnownFileType = sourcecode.swift; path = TableViewCellViewModel.swift; sourceTree = "<group>"; };
		EDCDEE7A2AFAB0A30054A793 /* DetailViewController.swift */ = {isa = PBXFileReference; lastKnownFileType = sourcecode.swift; path = DetailViewController.swift; sourceTree = "<group>"; };
		EDCDEE7C2AFAB20A0054A793 /* DetailViewModelType.swift */ = {isa = PBXFileReference; lastKnownFileType = sourcecode.swift; path = DetailViewModelType.swift; sourceTree = "<group>"; };
		EDCDEE7E2AFAB27D0054A793 /* DetailViewModel.swift */ = {isa = PBXFileReference; lastKnownFileType = sourcecode.swift; path = DetailViewModel.swift; sourceTree = "<group>"; };
/* End PBXFileReference section */

/* Begin PBXFrameworksBuildPhase section */
		ED4152712AEE62BF00450EA7 /* Frameworks */ = {
			isa = PBXFrameworksBuildPhase;
			buildActionMask = 2147483647;
			files = (
			);
			runOnlyForDeploymentPostprocessing = 0;
		};
/* End PBXFrameworksBuildPhase section */

/* Begin PBXGroup section */
		ED41526B2AEE62BF00450EA7 = {
			isa = PBXGroup;
			children = (
				ED4152762AEE62BF00450EA7 /* MVVM-2 */,
				ED4152752AEE62BF00450EA7 /* Products */,
			);
			sourceTree = "<group>";
		};
		ED4152752AEE62BF00450EA7 /* Products */ = {
			isa = PBXGroup;
			children = (
				ED4152742AEE62BF00450EA7 /* MVVM-2.app */,
			);
			name = Products;
			sourceTree = "<group>";
		};
		ED4152762AEE62BF00450EA7 /* MVVM-2 */ = {
			isa = PBXGroup;
			children = (
				ED4152772AEE62BF00450EA7 /* AppDelegate.swift */,
				ED4152792AEE62BF00450EA7 /* SceneDelegate.swift */,
				EDCDEE742AF2D2510054A793 /* ViewModel */,
				EDCDEE752AF2D2750054A793 /* Protocols */,
				ED4152942AEE69FD00450EA7 /* Model */,
				ED4152952AEE6A5E00450EA7 /* View */,
				ED41527D2AEE62BF00450EA7 /* Main.storyboard */,
				ED4152802AEE62C000450EA7 /* Assets.xcassets */,
				ED4152822AEE62C000450EA7 /* LaunchScreen.storyboard */,
				ED4152852AEE62C000450EA7 /* Info.plist */,
			);
			path = "MVVM-2";
			sourceTree = "<group>";
		};
		ED4152942AEE69FD00450EA7 /* Model */ = {
			isa = PBXGroup;
			children = (
				ED41528D2AEE63E000450EA7 /* Profile.swift */,
			);
			path = Model;
			sourceTree = "<group>";
		};
		ED4152952AEE6A5E00450EA7 /* View */ = {
			isa = PBXGroup;
			children = (
				ED41528B2AEE636B00450EA7 /* TableViewController.swift */,
				ED41528F2AEE677F00450EA7 /* TableViewCell.swift */,
				EDCDEE7A2AFAB0A30054A793 /* DetailViewController.swift */,
			);
			path = View;
			sourceTree = "<group>";
		};
		EDCDEE742AF2D2510054A793 /* ViewModel */ = {
			isa = PBXGroup;
			children = (
				EDCDEE702AF2D0A50054A793 /* ViewModel.swift */,
				EDCDEE782AF44C3D0054A793 /* TableViewCellViewModel.swift */,
				EDCDEE7E2AFAB27D0054A793 /* DetailViewModel.swift */,
			);
			path = ViewModel;
			sourceTree = "<group>";
		};
		EDCDEE752AF2D2750054A793 /* Protocols */ = {
			isa = PBXGroup;
			children = (
				EDCDEE722AF2D1AC0054A793 /* TableViewModelType.swift */,
				EDCDEE7C2AFAB20A0054A793 /* DetailViewModelType.swift */,
				EDCDEE762AF44B170054A793 /* TableViewCellViewModelType.swift */,
			);
			path = Protocols;
			sourceTree = "<group>";
		};
/* End PBXGroup section */

/* Begin PBXNativeTarget section */
		ED4152732AEE62BF00450EA7 /* MVVM-2 */ = {
			isa = PBXNativeTarget;
			buildConfigurationList = ED4152882AEE62C000450EA7 /* Build configuration list for PBXNativeTarget "MVVM-2" */;
			buildPhases = (
				ED4152702AEE62BF00450EA7 /* Sources */,
				ED4152712AEE62BF00450EA7 /* Frameworks */,
				ED4152722AEE62BF00450EA7 /* Resources */,
			);
			buildRules = (
			);
			dependencies = (
			);
			name = "MVVM-2";
			productName = "MVVM-2";
			productReference = ED4152742AEE62BF00450EA7 /* MVVM-2.app */;
			productType = "com.apple.product-type.application";
		};
/* End PBXNativeTarget section */

/* Begin PBXProject section */
		ED41526C2AEE62BF00450EA7 /* Project object */ = {
			isa = PBXProject;
			attributes = {
				BuildIndependentTargetsInParallel = 1;
				LastSwiftUpdateCheck = 1500;
				LastUpgradeCheck = 1500;
				TargetAttributes = {
					ED4152732AEE62BF00450EA7 = {
						CreatedOnToolsVersion = 15.0.1;
					};
				};
			};
			buildConfigurationList = ED41526F2AEE62BF00450EA7 /* Build configuration list for PBXProject "MVVM-2" */;
			compatibilityVersion = "Xcode 14.0";
			developmentRegion = en;
			hasScannedForEncodings = 0;
			knownRegions = (
				en,
				Base,
			);
			mainGroup = ED41526B2AEE62BF00450EA7;
			productRefGroup = ED4152752AEE62BF00450EA7 /* Products */;
			projectDirPath = "";
			projectRoot = "";
			targets = (
				ED4152732AEE62BF00450EA7 /* MVVM-2 */,
			);
		};
/* End PBXProject section */

/* Begin PBXResourcesBuildPhase section */
		ED4152722AEE62BF00450EA7 /* Resources */ = {
			isa = PBXResourcesBuildPhase;
			buildActionMask = 2147483647;
			files = (
				ED4152842AEE62C000450EA7 /* LaunchScreen.storyboard in Resources */,
				ED4152812AEE62C000450EA7 /* Assets.xcassets in Resources */,
				ED41527F2AEE62BF00450EA7 /* Main.storyboard in Resources */,
			);
			runOnlyForDeploymentPostprocessing = 0;
		};
/* End PBXResourcesBuildPhase section */

/* Begin PBXSourcesBuildPhase section */
		ED4152702AEE62BF00450EA7 /* Sources */ = {
			isa = PBXSourcesBuildPhase;
			buildActionMask = 2147483647;
			files = (
				EDCDEE772AF44B170054A793 /* TableViewCellViewModelType.swift in Sources */,
				ED4152902AEE677F00450EA7 /* TableViewCell.swift in Sources */,
				ED4152782AEE62BF00450EA7 /* AppDelegate.swift in Sources */,
				ED41528E2AEE63E000450EA7 /* Profile.swift in Sources */,
				ED41528C2AEE636B00450EA7 /* TableViewController.swift in Sources */,
				EDCDEE732AF2D1AC0054A793 /* TableViewModelType.swift in Sources */,
				EDCDEE7D2AFAB20A0054A793 /* DetailViewModelType.swift in Sources */,
				EDCDEE7F2AFAB27D0054A793 /* DetailViewModel.swift in Sources */,
				EDCDEE792AF44C3D0054A793 /* TableViewCellViewModel.swift in Sources */,
				EDCDEE7B2AFAB0A30054A793 /* DetailViewController.swift in Sources */,
				EDCDEE712AF2D0A50054A793 /* ViewModel.swift in Sources */,
				ED41527A2AEE62BF00450EA7 /* SceneDelegate.swift in Sources */,
			);
			runOnlyForDeploymentPostprocessing = 0;
		};
/* End PBXSourcesBuildPhase section */

/* Begin PBXVariantGroup section */
		ED41527D2AEE62BF00450EA7 /* Main.storyboard */ = {
			isa = PBXVariantGroup;
			children = (
				ED41527E2AEE62BF00450EA7 /* Base */,
			);
			name = Main.storyboard;
			sourceTree = "<group>";
		};
		ED4152822AEE62C000450EA7 /* LaunchScreen.storyboard */ = {
			isa = PBXVariantGroup;
			children = (
				ED4152832AEE62C000450EA7 /* Base */,
			);
			name = LaunchScreen.storyboard;
			sourceTree = "<group>";
		};
/* End PBXVariantGroup section */

/* Begin XCBuildConfiguration section */
		ED4152862AEE62C000450EA7 /* Debug */ = {
			isa = XCBuildConfiguration;
			buildSettings = {
				ALWAYS_SEARCH_USER_PATHS = NO;
				ASSETCATALOG_COMPILER_GENERATE_SWIFT_ASSET_SYMBOL_EXTENSIONS = YES;
				CLANG_ANALYZER_NONNULL = YES;
				CLANG_ANALYZER_NUMBER_OBJECT_CONVERSION = YES_AGGRESSIVE;
				CLANG_CXX_LANGUAGE_STANDARD = "gnu++20";
				CLANG_ENABLE_MODULES = YES;
				CLANG_ENABLE_OBJC_ARC = YES;
				CLANG_ENABLE_OBJC_WEAK = YES;
				CLANG_WARN_BLOCK_CAPTURE_AUTORELEASING = YES;
				CLANG_WARN_BOOL_CONVERSION = YES;
				CLANG_WARN_COMMA = YES;
				CLANG_WARN_CONSTANT_CONVERSION = YES;
				CLANG_WARN_DEPRECATED_OBJC_IMPLEMENTATIONS = YES;
				CLANG_WARN_DIRECT_OBJC_ISA_USAGE = YES_ERROR;
				CLANG_WARN_DOCUMENTATION_COMMENTS = YES;
				CLANG_WARN_EMPTY_BODY = YES;
				CLANG_WARN_ENUM_CONVERSION = YES;
				CLANG_WARN_INFINITE_RECURSION = YES;
				CLANG_WARN_INT_CONVERSION = YES;
				CLANG_WARN_NON_LITERAL_NULL_CONVERSION = YES;
				CLANG_WARN_OBJC_IMPLICIT_RETAIN_SELF = YES;
				CLANG_WARN_OBJC_LITERAL_CONVERSION = YES;
				CLANG_WARN_OBJC_ROOT_CLASS = YES_ERROR;
				CLANG_WARN_QUOTED_INCLUDE_IN_FRAMEWORK_HEADER = YES;
				CLANG_WARN_RANGE_LOOP_ANALYSIS = YES;
				CLANG_WARN_STRICT_PROTOTYPES = YES;
				CLANG_WARN_SUSPICIOUS_MOVE = YES;
				CLANG_WARN_UNGUARDED_AVAILABILITY = YES_AGGRESSIVE;
				CLANG_WARN_UNREACHABLE_CODE = YES;
				CLANG_WARN__DUPLICATE_METHOD_MATCH = YES;
				COPY_PHASE_STRIP = NO;
				DEBUG_INFORMATION_FORMAT = dwarf;
				ENABLE_STRICT_OBJC_MSGSEND = YES;
				ENABLE_TESTABILITY = YES;
				ENABLE_USER_SCRIPT_SANDBOXING = YES;
				GCC_C_LANGUAGE_STANDARD = gnu17;
				GCC_DYNAMIC_NO_PIC = NO;
				GCC_NO_COMMON_BLOCKS = YES;
				GCC_OPTIMIZATION_LEVEL = 0;
				GCC_PREPROCESSOR_DEFINITIONS = (
					"DEBUG=1",
					"$(inherited)",
				);
				GCC_WARN_64_TO_32_BIT_CONVERSION = YES;
				GCC_WARN_ABOUT_RETURN_TYPE = YES_ERROR;
				GCC_WARN_UNDECLARED_SELECTOR = YES;
				GCC_WARN_UNINITIALIZED_AUTOS = YES_AGGRESSIVE;
				GCC_WARN_UNUSED_FUNCTION = YES;
				GCC_WARN_UNUSED_VARIABLE = YES;
				IPHONEOS_DEPLOYMENT_TARGET = 17.0;
				LOCALIZATION_PREFERS_STRING_CATALOGS = YES;
				MTL_ENABLE_DEBUG_INFO = INCLUDE_SOURCE;
				MTL_FAST_MATH = YES;
				ONLY_ACTIVE_ARCH = YES;
				SDKROOT = iphoneos;
				SWIFT_ACTIVE_COMPILATION_CONDITIONS = "DEBUG $(inherited)";
				SWIFT_OPTIMIZATION_LEVEL = "-Onone";
			};
			name = Debug;
		};
		ED4152872AEE62C000450EA7 /* Release */ = {
			isa = XCBuildConfiguration;
			buildSettings = {
				ALWAYS_SEARCH_USER_PATHS = NO;
				ASSETCATALOG_COMPILER_GENERATE_SWIFT_ASSET_SYMBOL_EXTENSIONS = YES;
				CLANG_ANALYZER_NONNULL = YES;
				CLANG_ANALYZER_NUMBER_OBJECT_CONVERSION = YES_AGGRESSIVE;
				CLANG_CXX_LANGUAGE_STANDARD = "gnu++20";
				CLANG_ENABLE_MODULES = YES;
				CLANG_ENABLE_OBJC_ARC = YES;
				CLANG_ENABLE_OBJC_WEAK = YES;
				CLANG_WARN_BLOCK_CAPTURE_AUTORELEASING = YES;
				CLANG_WARN_BOOL_CONVERSION = YES;
				CLANG_WARN_COMMA = YES;
				CLANG_WARN_CONSTANT_CONVERSION = YES;
				CLANG_WARN_DEPRECATED_OBJC_IMPLEMENTATIONS = YES;
				CLANG_WARN_DIRECT_OBJC_ISA_USAGE = YES_ERROR;
				CLANG_WARN_DOCUMENTATION_COMMENTS = YES;
				CLANG_WARN_EMPTY_BODY = YES;
				CLANG_WARN_ENUM_CONVERSION = YES;
				CLANG_WARN_INFINITE_RECURSION = YES;
				CLANG_WARN_INT_CONVERSION = YES;
				CLANG_WARN_NON_LITERAL_NULL_CONVERSION = YES;
				CLANG_WARN_OBJC_IMPLICIT_RETAIN_SELF = YES;
				CLANG_WARN_OBJC_LITERAL_CONVERSION = YES;
				CLANG_WARN_OBJC_ROOT_CLASS = YES_ERROR;
				CLANG_WARN_QUOTED_INCLUDE_IN_FRAMEWORK_HEADER = YES;
				CLANG_WARN_RANGE_LOOP_ANALYSIS = YES;
				CLANG_WARN_STRICT_PROTOTYPES = YES;
				CLANG_WARN_SUSPICIOUS_MOVE = YES;
				CLANG_WARN_UNGUARDED_AVAILABILITY = YES_AGGRESSIVE;
				CLANG_WARN_UNREACHABLE_CODE = YES;
				CLANG_WARN__DUPLICATE_METHOD_MATCH = YES;
				COPY_PHASE_STRIP = NO;
				DEBUG_INFORMATION_FORMAT = "dwarf-with-dsym";
				ENABLE_NS_ASSERTIONS = NO;
				ENABLE_STRICT_OBJC_MSGSEND = YES;
				ENABLE_USER_SCRIPT_SANDBOXING = YES;
				GCC_C_LANGUAGE_STANDARD = gnu17;
				GCC_NO_COMMON_BLOCKS = YES;
				GCC_WARN_64_TO_32_BIT_CONVERSION = YES;
				GCC_WARN_ABOUT_RETURN_TYPE = YES_ERROR;
				GCC_WARN_UNDECLARED_SELECTOR = YES;
				GCC_WARN_UNINITIALIZED_AUTOS = YES_AGGRESSIVE;
				GCC_WARN_UNUSED_FUNCTION = YES;
				GCC_WARN_UNUSED_VARIABLE = YES;
				IPHONEOS_DEPLOYMENT_TARGET = 17.0;
				LOCALIZATION_PREFERS_STRING_CATALOGS = YES;
				MTL_ENABLE_DEBUG_INFO = NO;
				MTL_FAST_MATH = YES;
				SDKROOT = iphoneos;
				SWIFT_COMPILATION_MODE = wholemodule;
				VALIDATE_PRODUCT = YES;
			};
			name = Release;
		};
		ED4152892AEE62C000450EA7 /* Debug */ = {
			isa = XCBuildConfiguration;
			buildSettings = {
				ASSETCATALOG_COMPILER_APPICON_NAME = AppIcon;
				ASSETCATALOG_COMPILER_GLOBAL_ACCENT_COLOR_NAME = AccentColor;
				CODE_SIGN_STYLE = Automatic;
				CURRENT_PROJECT_VERSION = 1;
				DEVELOPMENT_TEAM = A3UPK989FF;
				GENERATE_INFOPLIST_FILE = YES;
				INFOPLIST_FILE = "MVVM-2/Info.plist";
				INFOPLIST_KEY_UIApplicationSupportsIndirectInputEvents = YES;
				INFOPLIST_KEY_UILaunchStoryboardName = LaunchScreen;
				INFOPLIST_KEY_UIMainStoryboardFile = Main;
				INFOPLIST_KEY_UISupportedInterfaceOrientations_iPad = "UIInterfaceOrientationPortrait UIInterfaceOrientationPortraitUpsideDown UIInterfaceOrientationLandscapeLeft UIInterfaceOrientationLandscapeRight";
				INFOPLIST_KEY_UISupportedInterfaceOrientations_iPhone = "UIInterfaceOrientationPortrait UIInterfaceOrientationLandscapeLeft UIInterfaceOrientationLandscapeRight";
				LD_RUNPATH_SEARCH_PATHS = (
					"$(inherited)",
					"@executable_path/Frameworks",
				);
				MARKETING_VERSION = 1.0;
				PRODUCT_BUNDLE_IDENTIFIER = "IOS.Victor.MVVM-2";
				PRODUCT_NAME = "$(TARGET_NAME)";
				SUPPORTED_PLATFORMS = "iphoneos iphonesimulator";
				SUPPORTS_MACCATALYST = NO;
				SUPPORTS_MAC_DESIGNED_FOR_IPHONE_IPAD = NO;
				SWIFT_EMIT_LOC_STRINGS = YES;
				SWIFT_VERSION = 5.0;
				TARGETED_DEVICE_FAMILY = "1,2";
			};
			name = Debug;
		};
		ED41528A2AEE62C000450EA7 /* Release */ = {
			isa = XCBuildConfiguration;
			buildSettings = {
				ASSETCATALOG_COMPILER_APPICON_NAME = AppIcon;
				ASSETCATALOG_COMPILER_GLOBAL_ACCENT_COLOR_NAME = AccentColor;
				CODE_SIGN_STYLE = Automatic;
				CURRENT_PROJECT_VERSION = 1;
				DEVELOPMENT_TEAM = A3UPK989FF;
				GENERATE_INFOPLIST_FILE = YES;
				INFOPLIST_FILE = "MVVM-2/Info.plist";
				INFOPLIST_KEY_UIApplicationSupportsIndirectInputEvents = YES;
				INFOPLIST_KEY_UILaunchStoryboardName = LaunchScreen;
				INFOPLIST_KEY_UIMainStoryboardFile = Main;
				INFOPLIST_KEY_UISupportedInterfaceOrientations_iPad = "UIInterfaceOrientationPortrait UIInterfaceOrientationPortraitUpsideDown UIInterfaceOrientationLandscapeLeft UIInterfaceOrientationLandscapeRight";
				INFOPLIST_KEY_UISupportedInterfaceOrientations_iPhone = "UIInterfaceOrientationPortrait UIInterfaceOrientationLandscapeLeft UIInterfaceOrientationLandscapeRight";
				LD_RUNPATH_SEARCH_PATHS = (
					"$(inherited)",
					"@executable_path/Frameworks",
				);
				MARKETING_VERSION = 1.0;
				PRODUCT_BUNDLE_IDENTIFIER = "IOS.Victor.MVVM-2";
				PRODUCT_NAME = "$(TARGET_NAME)";
				SUPPORTED_PLATFORMS = "iphoneos iphonesimulator";
				SUPPORTS_MACCATALYST = NO;
				SUPPORTS_MAC_DESIGNED_FOR_IPHONE_IPAD = NO;
				SWIFT_EMIT_LOC_STRINGS = YES;
				SWIFT_VERSION = 5.0;
				TARGETED_DEVICE_FAMILY = "1,2";
			};
			name = Release;
		};
/* End XCBuildConfiguration section */

/* Begin XCConfigurationList section */
		ED41526F2AEE62BF00450EA7 /* Build configuration list for PBXProject "MVVM-2" */ = {
			isa = XCConfigurationList;
			buildConfigurations = (
				ED4152862AEE62C000450EA7 /* Debug */,
				ED4152872AEE62C000450EA7 /* Release */,
			);
			defaultConfigurationIsVisible = 0;
			defaultConfigurationName = Release;
		};
		ED4152882AEE62C000450EA7 /* Build configuration list for PBXNativeTarget "MVVM-2" */ = {
			isa = XCConfigurationList;
			buildConfigurations = (
				ED4152892AEE62C000450EA7 /* Debug */,
				ED41528A2AEE62C000450EA7 /* Release */,
			);
			defaultConfigurationIsVisible = 0;
			defaultConfigurationName = Release;
		};
/* End XCConfigurationList section */
	};
	rootObject = ED41526C2AEE62BF00450EA7 /* Project object */;
}
